dependencies:
- name: ingress-nginx
  repository: https://kubernetes.github.io/ingress-nginx
  version: 4.10.0
- name: keycloak
  repository: https://charts.bitnami.com/bitnami
  version: 21.1.2
- name: postgresql
  repository: https://charts.bitnami.com/bitnami
  version: 12.5.1
- name: gravitino
  repository: file://../../../../../apache/gravitino/dev/charts/gravitino
  version: 1.3.0
- name: polaris
  repository: https://downloads.apache.org/incubator/polaris/helm-chart/
  version: 1.3.0-incubating
- name: unitycatalog
  repository: file://../../../../../unitycatalog/unitycatalog/helm
  version: 0.0.1-pre.1
- name: hive-metastore
  repository: https://hevaweb.github.io/heva-helm-charts/
  version: 0.2.0
- name: cert-manager
  repository: https://charts.jetstack.io
  version: v1.14.4
- name: acs-backend
  repository: file://../../../../acs-backend/src/main/helm/acs-backend
  version: 0.1.0
- name: frontend
  repository: file://../../../../acs-ui/frontend/helm/frontend
  version: 0.1.0
- name: minio
  repository: https://charts.min.io/
  version: 5.4.0
digest: sha256:531eeff3b7497b5afafce213cfac526bc6f58af6e8566863f9ed46c54f30d767
generated: "2026-03-20T14:00:24.140877-04:00"
