dependencies:
- name: ingress-nginx
  repository: https://kubernetes.github.io/ingress-nginx
  version: 4.15.1
- name: gravitino
  repository: file://../../../charts-external/gravitino
  version: 1.3.0
- name: polaris
  repository: https://downloads.apache.org/incubator/polaris/helm-chart/
  version: 1.3.0-incubating
- name: unitycatalog
  repository: file://../../../charts-external/unitycatalog
  version: 0.0.1-pre.1
- name: hive-metastore
  repository: https://hevaweb.github.io/heva-helm-charts/
  version: 0.2.0
- name: cert-manager
  repository: https://charts.jetstack.io
  version: v1.14.4
- name: acs-backend
  repository: file://../../../../backend/src/main/helm/acs-backend
  version: 1.0.0-SNAPSHOT
- name: frontend
  repository: file://../../../../frontend/helm/frontend
  version: 1.0.0-SNAPSHOT
- name: minio
  repository: https://charts.min.io/
  version: 5.4.0
- name: prometheus
  repository: https://prometheus-community.github.io/helm-charts
  version: 28.14.0
- name: opentelemetry-collector
  repository: https://open-telemetry.github.io/opentelemetry-helm-charts
  version: 0.147.1
digest: sha256:f0ff7dc4af4dec0114cd927177e15d29365bb42e89b917bb660ffaf84a5c7f4d
generated: "2026-04-03T11:35:21.736352-04:00"
